lockfileVersion: '9.0'

settings:
  autoInstallPeers: true
  excludeLinksFromLockfile: false

importers:

  .:
    dependencies:
      ical-generator:
        specifier: ^11.1.1
        version: 11.1.1

packages:

  ical-generator@11.1.1:
    resolution: {integrity: sha512-1m50e+BOMzxtE3lFXlFiOKvze4Mmiiq2+QoEMw7w7EDtWSq8OxWrdN6mmQdaymBVjmkP1pg0BAPUesBL1ZHQMQ==}
    engines: {node: 22 || >=24.0.0}
    peerDependencies:
      '@touch4it/ical-timezones': '>=1.6.0'
      '@types/luxon': '>= 1.26.0'
      '@types/mocha': '>= 8.2.1'
      '@types/node': '*'
      dayjs: '>= 1.10.0'
      luxon: '>= 1.26.0'
      moment: '>= 2.29.0'
      moment-timezone: '>= 0.5.33'
      rrule: '>= 2.6.8'
    peerDependenciesMeta:
      '@touch4it/ical-timezones':
        optional: true
      '@types/luxon':
        optional: true
      '@types/mocha':
        optional: true
      '@types/node':
        optional: true
      dayjs:
        optional: true
      luxon:
        optional: true
      moment:
        optional: true
      moment-timezone:
        optional: true
      rrule:
        optional: true

snapshots:

  ical-generator@11.1.1: {}
